
Microsoft Visual Studio Solution File, Format Version 12.00
# Visual Studio 2013
VisualStudioVersion = 12.0.31101.0
MinimumVisualStudioVersion = 10.0.40219.1
Project("{FAE04EC0-301F-11D3-BF4B-00C04F79EFBC}") = "ReflectionConsoleApplication1", "ReflectionConsoleApplication1\ReflectionConsoleApplication1.csproj", "{F10D92CA-42DC-433D-9FE1-5DF62D42016A}"
EndProject
Global
	GlobalSection(SolutionConfigurationPlatforms) = preSolution
		Debug|Any CPU = Debug|Any CPU
		Release|Any CPU = Release|Any CPU
	EndGlobalSection
	GlobalSection(ProjectConfigurationPlatforms) = postSolution
		{F10D92CA-42DC-433D-9FE1-5DF62D42016A}.Debug|Any CPU.ActiveCfg = Debug|Any CPU
		{F10D92CA-42DC-433D-9FE1-5DF62D42016A}.Debug|Any CPU.Build.0 = Debug|Any CPU
		{F10D92CA-42DC-433D-9FE1-5DF62D42016A}.Release|Any CPU.ActiveCfg = Release|Any CPU
		{F10D92CA-42DC-433D-9FE1-5DF62D42016A}.Release|Any CPU.Build.0 = Release|Any CPU
	EndGlobalSection
	GlobalSection(SolutionProperties) = preSolution
		HideSolutionNode = FALSE
	EndGlobalSection
EndGlobal
